
Microsoft Visual Studio Solution File, Format Version 12.00
# Visual Studio Version 16
VisualStudioVersion = 16.0.32802.440
MinimumVisualStudioVersion = 10.0.40219.1
Project("{FAE04EC0-301F-11D3-BF4B-00C04F79EFBC}") = "ticket.API", "ticket.API\ticket.API.csproj", "{9F6951E6-CEA6-4551-83D1-87AD90C55DD5}"
EndProject
Global
	GlobalSection(SolutionConfigurationPlatforms) = preSolution
		Debug|Any CPU = Debug|Any CPU
		Release|Any CPU = Release|Any CPU
	EndGlobalSection
	GlobalSection(ProjectConfigurationPlatforms) = postSolution
		{9F6951E6-CEA6-4551-83D1-87AD90C55DD5}.Debug|Any CPU.ActiveCfg = Debug|Any CPU
		{9F6951E6-CEA6-4551-83D1-87AD90C55DD5}.Debug|Any CPU.Build.0 = Debug|Any CPU
		{9F6951E6-CEA6-4551-83D1-87AD90C55DD5}.Release|Any CPU.ActiveCfg = Release|Any CPU
		{9F6951E6-CEA6-4551-83D1-87AD90C55DD5}.Release|Any CPU.Build.0 = Release|Any CPU
	EndGlobalSection
	GlobalSection(SolutionProperties) = preSolution
		HideSolutionNode = FALSE
	EndGlobalSection
	GlobalSection(ExtensibilityGlobals) = postSolution
		SolutionGuid = {98B43A01-F7D6-489D-A3F7-0E43D0728C88}
	EndGlobalSection
EndGlobal
